
Microsoft Visual Studio Solution File, Format Version 12.00
# Visual Studio Version 16
VisualStudioVersion = 16.0.31410.357
MinimumVisualStudioVersion = 10.0.40219.1
Project("{FAE04EC0-301F-11D3-BF4B-00C04F79EFBC}") = "ByteBank.Forum", "ByteBank.Forum\ByteBank.Forum.csproj", "{FB28B175-5CC7-4895-AACF-6CDEE4D776A5}"
EndProject
Global
	GlobalSection(SolutionConfigurationPlatforms) = preSolution
		Debug|Any CPU = Debug|Any CPU
		Release|Any CPU = Release|Any CPU
	EndGlobalSection
	GlobalSection(ProjectConfigurationPlatforms) = postSolution
		{FB28B175-5CC7-4895-AACF-6CDEE4D776A5}.Debug|Any CPU.ActiveCfg = Debug|Any CPU
		{FB28B175-5CC7-4895-AACF-6CDEE4D776A5}.Debug|Any CPU.Build.0 = Debug|Any CPU
		{FB28B175-5CC7-4895-AACF-6CDEE4D776A5}.Release|Any CPU.ActiveCfg = Release|Any CPU
		{FB28B175-5CC7-4895-AACF-6CDEE4D776A5}.Release|Any CPU.Build.0 = Release|Any CPU
	EndGlobalSection
	GlobalSection(SolutionProperties) = preSolution
		HideSolutionNode = FALSE
	EndGlobalSection
	GlobalSection(ExtensibilityGlobals) = postSolution
		SolutionGuid = {CB7C374C-5DCD-4773-9910-F2355D816A0F}
	EndGlobalSection
EndGlobal
