
Microsoft Visual Studio Solution File, Format Version 12.00
# Visual Studio Version 16
VisualStudioVersion = 16.0.31402.337
MinimumVisualStudioVersion = 10.0.40219.1
Project("{FAE04EC0-301F-11D3-BF4B-00C04F79EFBC}") = "ByteBank.InternalSystem", "ByteBank.InternalSystem\ByteBank.InternalSystem.csproj", "{A3CB23B3-3456-44B4-898B-D27CF7C3CD4F}"
EndProject
Global
	GlobalSection(SolutionConfigurationPlatforms) = preSolution
		Debug|Any CPU = Debug|Any CPU
		Release|Any CPU = Release|Any CPU
	EndGlobalSection
	GlobalSection(ProjectConfigurationPlatforms) = postSolution
		{A3CB23B3-3456-44B4-898B-D27CF7C3CD4F}.Debug|Any CPU.ActiveCfg = Debug|Any CPU
		{A3CB23B3-3456-44B4-898B-D27CF7C3CD4F}.Debug|Any CPU.Build.0 = Debug|Any CPU
		{A3CB23B3-3456-44B4-898B-D27CF7C3CD4F}.Release|Any CPU.ActiveCfg = Release|Any CPU
		{A3CB23B3-3456-44B4-898B-D27CF7C3CD4F}.Release|Any CPU.Build.0 = Release|Any CPU
	EndGlobalSection
	GlobalSection(SolutionProperties) = preSolution
		HideSolutionNode = FALSE
	EndGlobalSection
	GlobalSection(ExtensibilityGlobals) = postSolution
		SolutionGuid = {9BE3E5B7-E42F-43AC-92BA-1DC0B55208D1}
	EndGlobalSection
EndGlobal
